
Microsoft Visual Studio Solution File, Format Version 12.00
# Visual Studio 2013
VisualStudioVersion = 12.0.31101.0
MinimumVisualStudioVersion = 10.0.40219.1
Project("{FAE04EC0-301F-11D3-BF4B-00C04F79EFBC}") = "FootSteps_Project", "FootSteps_Project\FootSteps_Project.csproj", "{D2A66CB5-CB50-43A2-9A10-31925DF0F42E}"
EndProject
Global
	GlobalSection(TeamFoundationVersionControl) = preSolution
		SccNumberOfProjects = 2
		SccEnterpriseProvider = {4CA58AB2-18FA-4F8D-95D4-32DDF27D184C}
		SccTeamFoundationServer = https://reflectorz.visualstudio.com/defaultcollection
		SccLocalPath0 = .
		SccProjectUniqueName1 = FootSteps_Project\\FootSteps_Project.csproj
		SccProjectName1 = FootSteps_Project
		SccLocalPath1 = FootSteps_Project
	EndGlobalSection
	GlobalSection(SolutionConfigurationPlatforms) = preSolution
		Debug|Any CPU = Debug|Any CPU
		Debug|ARM = Debug|ARM
		Debug|x86 = Debug|x86
		Release|Any CPU = Release|Any CPU
		Release|ARM = Release|ARM
		Release|x86 = Release|x86
	EndGlobalSection
	GlobalSection(ProjectConfigurationPlatforms) = postSolution
		{D2A66CB5-CB50-43A2-9A10-31925DF0F42E}.Debug|Any CPU.ActiveCfg = Debug|Any CPU
		{D2A66CB5-CB50-43A2-9A10-31925DF0F42E}.Debug|Any CPU.Build.0 = Debug|Any CPU
		{D2A66CB5-CB50-43A2-9A10-31925DF0F42E}.Debug|Any CPU.Deploy.0 = Debug|Any CPU
		{D2A66CB5-CB50-43A2-9A10-31925DF0F42E}.Debug|ARM.ActiveCfg = Debug|ARM
		{D2A66CB5-CB50-43A2-9A10-31925DF0F42E}.Debug|ARM.Build.0 = Debug|ARM
		{D2A66CB5-CB50-43A2-9A10-31925DF0F42E}.Debug|ARM.Deploy.0 = Debug|ARM
		{D2A66CB5-CB50-43A2-9A10-31925DF0F42E}.Debug|x86.ActiveCfg = Debug|x86
		{D2A66CB5-CB50-43A2-9A10-31925DF0F42E}.Debug|x86.Build.0 = Debug|x86
		{D2A66CB5-CB50-43A2-9A10-31925DF0F42E}.Debug|x86.Deploy.0 = Debug|x86
		{D2A66CB5-CB50-43A2-9A10-31925DF0F42E}.Release|Any CPU.ActiveCfg = Release|Any CPU
		{D2A66CB5-CB50-43A2-9A10-31925DF0F42E}.Release|Any CPU.Build.0 = Release|Any CPU
		{D2A66CB5-CB50-43A2-9A10-31925DF0F42E}.Release|Any CPU.Deploy.0 = Release|Any CPU
		{D2A66CB5-CB50-43A2-9A10-31925DF0F42E}.Release|ARM.ActiveCfg = Release|ARM
		{D2A66CB5-CB50-43A2-9A10-31925DF0F42E}.Release|ARM.Build.0 = Release|ARM
		{D2A66CB5-CB50-43A2-9A10-31925DF0F42E}.Release|ARM.Deploy.0 = Release|ARM
		{D2A66CB5-CB50-43A2-9A10-31925DF0F42E}.Release|x86.ActiveCfg = Release|x86
		{D2A66CB5-CB50-43A2-9A10-31925DF0F42E}.Release|x86.Build.0 = Release|x86
		{D2A66CB5-CB50-43A2-9A10-31925DF0F42E}.Release|x86.Deploy.0 = Release|x86
	EndGlobalSection
	GlobalSection(SolutionProperties) = preSolution
		HideSolutionNode = FALSE
	EndGlobalSection
EndGlobal
